
Microsoft Visual Studio Solution File, Format Version 12.00
# Visual Studio Version 16
VisualStudioVersion = 25.0.1706.14
MinimumVisualStudioVersion = 10.0.40219.1
Project("{FAE04EC0-301F-11D3-BF4B-00C04F79EFBC}") = "DapperCoreProjectHuzurevi", "DapperCoreProjectHuzurevi\DapperCoreProjectHuzurevi.csproj", "{2519F119-6F4F-4D3D-BAEC-8A3F97686056}"
EndProject
Global
	GlobalSection(SolutionConfigurationPlatforms) = preSolution
		Debug|Any CPU = Debug|Any CPU
		Release|Any CPU = Release|Any CPU
	EndGlobalSection
	GlobalSection(ProjectConfigurationPlatforms) = postSolution
		{2519F119-6F4F-4D3D-BAEC-8A3F97686056}.Debug|Any CPU.ActiveCfg = Debug|Any CPU
		{2519F119-6F4F-4D3D-BAEC-8A3F97686056}.Debug|Any CPU.Build.0 = Debug|Any CPU
		{2519F119-6F4F-4D3D-BAEC-8A3F97686056}.Release|Any CPU.ActiveCfg = Release|Any CPU
		{2519F119-6F4F-4D3D-BAEC-8A3F97686056}.Release|Any CPU.Build.0 = Release|Any CPU
	EndGlobalSection
	GlobalSection(SolutionProperties) = preSolution
		HideSolutionNode = FALSE
	EndGlobalSection
	GlobalSection(ExtensibilityGlobals) = postSolution
		SolutionGuid = {B99CC7FA-2D58-4B27-A02D-2A5778DBCAEA}
	EndGlobalSection
EndGlobal
